
Microsoft Visual Studio Solution File, Format Version 12.00
# Visual Studio 14
VisualStudioVersion = 14.0.25420.1
MinimumVisualStudioVersion = 10.0.40219.1
Project("{FAE04EC0-301F-11D3-BF4B-00C04F79EFBC}") = "Problema02", "Problema02\Problema02.csproj", "{592CD8D1-E31E-4907-95E0-913DFC7CEBEB}"
EndProject
Global
	GlobalSection(SolutionConfigurationPlatforms) = preSolution
		Debug|Any CPU = Debug|Any CPU
		Release|Any CPU = Release|Any CPU
	EndGlobalSection
	GlobalSection(ProjectConfigurationPlatforms) = postSolution
		{592CD8D1-E31E-4907-95E0-913DFC7CEBEB}.Debug|Any CPU.ActiveCfg = Debug|Any CPU
		{592CD8D1-E31E-4907-95E0-913DFC7CEBEB}.Debug|Any CPU.Build.0 = Debug|Any CPU
		{592CD8D1-E31E-4907-95E0-913DFC7CEBEB}.Release|Any CPU.ActiveCfg = Release|Any CPU
		{592CD8D1-E31E-4907-95E0-913DFC7CEBEB}.Release|Any CPU.Build.0 = Release|Any CPU
	EndGlobalSection
	GlobalSection(SolutionProperties) = preSolution
		HideSolutionNode = FALSE
	EndGlobalSection
EndGlobal
